
Microsoft Visual Studio Solution File, Format Version 12.00
# Visual Studio Version 17
VisualStudioVersion = 17.1.32210.238
MinimumVisualStudioVersion = 10.0.40219.1
Project("{FAE04EC0-301F-11D3-BF4B-00C04F79EFBC}") = "MGPhoto", "MGPhoto\MGPhoto.csproj", "{9FE07840-3E01-43AF-8398-2A200D8B025A}"
EndProject
Global
	GlobalSection(SolutionConfigurationPlatforms) = preSolution
		Debug|Any CPU = Debug|Any CPU
		Release|Any CPU = Release|Any CPU
	EndGlobalSection
	GlobalSection(ProjectConfigurationPlatforms) = postSolution
		{9FE07840-3E01-43AF-8398-2A200D8B025A}.Debug|Any CPU.ActiveCfg = Debug|Any CPU
		{9FE07840-3E01-43AF-8398-2A200D8B025A}.Debug|Any CPU.Build.0 = Debug|Any CPU
		{9FE07840-3E01-43AF-8398-2A200D8B025A}.Release|Any CPU.ActiveCfg = Release|Any CPU
		{9FE07840-3E01-43AF-8398-2A200D8B025A}.Release|Any CPU.Build.0 = Release|Any CPU
	EndGlobalSection
	GlobalSection(SolutionProperties) = preSolution
		HideSolutionNode = FALSE
	EndGlobalSection
	GlobalSection(ExtensibilityGlobals) = postSolution
		SolutionGuid = {FFA15472-7200-4C00-9745-9AA9AFA2A9FC}
	EndGlobalSection
EndGlobal
